
Microsoft Visual Studio Solution File, Format Version 12.00
# Visual Studio Version 16
VisualStudioVersion = 16.0.32802.440
MinimumVisualStudioVersion = 10.0.40219.1
Project("{8BC9CEB8-8B4A-11D0-8D11-00A0C91BC942}") = "test9_15", "test9_15\test9_15.vcxproj", "{3D31AA44-CBE4-4B08-87A5-B5D387007204}"
EndProject
Global
	GlobalSection(SolutionConfigurationPlatforms) = preSolution
		Debug|x64 = Debug|x64
		Debug|x86 = Debug|x86
		Release|x64 = Release|x64
		Release|x86 = Release|x86
	EndGlobalSection
	GlobalSection(ProjectConfigurationPlatforms) = postSolution
		{3D31AA44-CBE4-4B08-87A5-B5D387007204}.Debug|x64.ActiveCfg = Debug|x64
		{3D31AA44-CBE4-4B08-87A5-B5D387007204}.Debug|x64.Build.0 = Debug|x64
		{3D31AA44-CBE4-4B08-87A5-B5D387007204}.Debug|x86.ActiveCfg = Debug|Win32
		{3D31AA44-CBE4-4B08-87A5-B5D387007204}.Debug|x86.Build.0 = Debug|Win32
		{3D31AA44-CBE4-4B08-87A5-B5D387007204}.Release|x64.ActiveCfg = Release|x64
		{3D31AA44-CBE4-4B08-87A5-B5D387007204}.Release|x64.Build.0 = Release|x64
		{3D31AA44-CBE4-4B08-87A5-B5D387007204}.Release|x86.ActiveCfg = Release|Win32
		{3D31AA44-CBE4-4B08-87A5-B5D387007204}.Release|x86.Build.0 = Release|Win32
	EndGlobalSection
	GlobalSection(SolutionProperties) = preSolution
		HideSolutionNode = FALSE
	EndGlobalSection
	GlobalSection(ExtensibilityGlobals) = postSolution
		SolutionGuid = {D7C5E738-4D3C-4E96-9533-BC307948B3C5}
	EndGlobalSection
EndGlobal
